// !$*UTF8*$!
{
	archiveVersion = 1;
	classes = {
	};
	objectVersion = 56;
	objects = {

/* Begin PBXBuildFile section */
		DBE9D573299795E700EBED0C /* AppDelegate.swift in Sources */ = {isa = PBXBuildFile; fileRef = DBE9D572299795E700EBED0C /* AppDelegate.swift */; };
		DBE9D575299795E700EBED0C /* SceneDelegate.swift in Sources */ = {isa = PBXBuildFile; fileRef = DBE9D574299795E700EBED0C /* SceneDelegate.swift */; };
		DBE9D577299795E700EBED0C /* ViewController.swift in Sources */ = {isa = PBXBuildFile; fileRef = DBE9D576299795E700EBED0C /* ViewController.swift */; };
		DBE9D57A299795E700EBED0C /* Main.storyboard in Resources */ = {isa = PBXBuildFile; fileRef = DBE9D578299795E700EBED0C /* Main.storyboard */; };
		DBE9D57C299795E800EBED0C /* Assets.xcassets in Resources */ = {isa = PBXBuildFile; fileRef = DBE9D57B299795E800EBED0C /* Assets.xcassets */; };
		DBE9D57F299795E800EBED0C /* LaunchScreen.storyboard in Resources */ = {isa = PBXBuildFile; fileRef = DBE9D57D299795E800EBED0C /* LaunchScreen.storyboard */; };
		DBE9D58B29979A9800EBED0C /* food1.png in Resources */ = {isa = PBXBuildFile; fileRef = DBE9D58629979A9700EBED0C /* food1.png */; };
		DBE9D58C29979A9800EBED0C /* food3.png in Resources */ = {isa = PBXBuildFile; fileRef = DBE9D58729979A9700EBED0C /* food3.png */; };
		DBE9D58D29979A9800EBED0C /* add_icon_green.png in Resources */ = {isa = PBXBuildFile; fileRef = DBE9D58829979A9700EBED0C /* add_icon_green.png */; };
		DBE9D58E29979A9800EBED0C /* WeatherBG_Moon.png in Resources */ = {isa = PBXBuildFile; fileRef = DBE9D58929979A9700EBED0C /* WeatherBG_Moon.png */; };
		DBE9D58F29979A9800EBED0C /* food2.png in Resources */ = {isa = PBXBuildFile; fileRef = DBE9D58A29979A9800EBED0C /* food2.png */; };
		DBE9D5912997A1A400EBED0C /* FloatingButtonViewController.swift in Sources */ = {isa = PBXBuildFile; fileRef = DBE9D5902997A1A400EBED0C /* FloatingButtonViewController.swift */; };
/* End PBXBuildFile section */

/* Begin PBXFileReference section */
		DBE9D56F299795E700EBED0C /* Floating_Button.app */ = {isa = PBXFileReference; explicitFileType = wrapper.application; includeInIndex = 0; path = Floating_Button.app; sourceTree = BUILT_PRODUCTS_DIR; };
		DBE9D572299795E700EBED0C /* AppDelegate.swift */ = {isa = PBXFileReference; lastKnownFileType = sourcecode.swift; path = AppDelegate.swift; sourceTree = "<group>"; };
		DBE9D574299795E700EBED0C /* SceneDelegate.swift */ = {isa = PBXFileReference; lastKnownFileType = sourcecode.swift; path = SceneDelegate.swift; sourceTree = "<group>"; };
		DBE9D576299795E700EBED0C /* ViewController.swift */ = {isa = PBXFileReference; lastKnownFileType = sourcecode.swift; path = ViewController.swift; sourceTree = "<group>"; };
		DBE9D579299795E700EBED0C /* Base */ = {isa = PBXFileReference; lastKnownFileType = file.storyboard; name = Base; path = Base.lproj/Main.storyboard; sourceTree = "<group>"; };
		DBE9D57B299795E800EBED0C /* Assets.xcassets */ = {isa = PBXFileReference; lastKnownFileType = folder.assetcatalog; path = Assets.xcassets; sourceTree = "<group>"; };
		DBE9D57E299795E800EBED0C /* Base */ = {isa = PBXFileReference; lastKnownFileType = file.storyboard; name = Base; path = Base.lproj/LaunchScreen.storyboard; sourceTree = "<group>"; };
		DBE9D580299795E800EBED0C /* Info.plist */ = {isa = PBXFileReference; lastKnownFileType = text.plist.xml; path = Info.plist; sourceTree = "<group>"; };
		DBE9D58629979A9700EBED0C /* food1.png */ = {isa = PBXFileReference; lastKnownFileType = image.png; path = food1.png; sourceTree = "<group>"; };
		DBE9D58729979A9700EBED0C /* food3.png */ = {isa = PBXFileReference; lastKnownFileType = image.png; path = food3.png; sourceTree = "<group>"; };
		DBE9D58829979A9700EBED0C /* add_icon_green.png */ = {isa = PBXFileReference; lastKnownFileType = image.png; path = add_icon_green.png; sourceTree = "<group>"; };
		DBE9D58929979A9700EBED0C /* WeatherBG_Moon.png */ = {isa = PBXFileReference; lastKnownFileType = image.png; path = WeatherBG_Moon.png; sourceTree = "<group>"; };
		DBE9D58A29979A9800EBED0C /* food2.png */ = {isa = PBXFileReference; lastKnownFileType = image.png; path = food2.png; sourceTree = "<group>"; };
		DBE9D5902997A1A400EBED0C /* FloatingButtonViewController.swift */ = {isa = PBXFileReference; lastKnownFileType = sourcecode.swift; path = FloatingButtonViewController.swift; sourceTree = "<group>"; };
/* End PBXFileReference section */

/* Begin PBXFrameworksBuildPhase section */
		DBE9D56C299795E700EBED0C /* Frameworks */ = {
			isa = PBXFrameworksBuildPhase;
			buildActionMask = 2147483647;
			files = (
			);
			runOnlyForDeploymentPostprocessing = 0;
		};
/* End PBXFrameworksBuildPhase section */

/* Begin PBXGroup section */
		DBE9D566299795E700EBED0C = {
			isa = PBXGroup;
			children = (
				DBE9D571299795E700EBED0C /* Floating_Button */,
				DBE9D570299795E700EBED0C /* Products */,
			);
			sourceTree = "<group>";
		};
		DBE9D570299795E700EBED0C /* Products */ = {
			isa = PBXGroup;
			children = (
				DBE9D56F299795E700EBED0C /* Floating_Button.app */,
			);
			name = Products;
			sourceTree = "<group>";
		};
		DBE9D571299795E700EBED0C /* Floating_Button */ = {
			isa = PBXGroup;
			children = (
				DBE9D572299795E700EBED0C /* AppDelegate.swift */,
				DBE9D574299795E700EBED0C /* SceneDelegate.swift */,
				DBE9D576299795E700EBED0C /* ViewController.swift */,
				DBE9D5902997A1A400EBED0C /* FloatingButtonViewController.swift */,
				DBE9D578299795E700EBED0C /* Main.storyboard */,
				DBE9D57B299795E800EBED0C /* Assets.xcassets */,
				DBE9D57D299795E800EBED0C /* LaunchScreen.storyboard */,
				DBE9D580299795E800EBED0C /* Info.plist */,
				DBE9D58829979A9700EBED0C /* add_icon_green.png */,
				DBE9D58629979A9700EBED0C /* food1.png */,
				DBE9D58A29979A9800EBED0C /* food2.png */,
				DBE9D58729979A9700EBED0C /* food3.png */,
				DBE9D58929979A9700EBED0C /* WeatherBG_Moon.png */,
			);
			path = Floating_Button;
			sourceTree = "<group>";
		};
/* End PBXGroup section */

/* Begin PBXNativeTarget section */
		DBE9D56E299795E700EBED0C /* Floating_Button */ = {
			isa = PBXNativeTarget;
			buildConfigurationList = DBE9D583299795E800EBED0C /* Build configuration list for PBXNativeTarget "Floating_Button" */;
			buildPhases = (
				DBE9D56B299795E700EBED0C /* Sources */,
				DBE9D56C299795E700EBED0C /* Frameworks */,
				DBE9D56D299795E700EBED0C /* Resources */,
			);
			buildRules = (
			);
			dependencies = (
			);
			name = Floating_Button;
			productName = Floating_Button;
			productReference = DBE9D56F299795E700EBED0C /* Floating_Button.app */;
			productType = "com.apple.product-type.application";
		};
/* End PBXNativeTarget section */

/* Begin PBXProject section */
		DBE9D567299795E700EBED0C /* Project object */ = {
			isa = PBXProject;
			attributes = {
				BuildIndependentTargetsInParallel = 1;
				LastSwiftUpdateCheck = 1420;
				LastUpgradeCheck = 1420;
				TargetAttributes = {
					DBE9D56E299795E700EBED0C = {
						CreatedOnToolsVersion = 14.2;
					};
				};
			};
			buildConfigurationList = DBE9D56A299795E700EBED0C /* Build configuration list for PBXProject "Floating_Button" */;
			compatibilityVersion = "Xcode 14.0";
			developmentRegion = en;
			hasScannedForEncodings = 0;
			knownRegions = (
				en,
				Base,
			);
			mainGroup = DBE9D566299795E700EBED0C;
			productRefGroup = DBE9D570299795E700EBED0C /* Products */;
			projectDirPath = "";
			projectRoot = "";
			targets = (
				DBE9D56E299795E700EBED0C /* Floating_Button */,
			);
		};
/* End PBXProject section */

/* Begin PBXResourcesBuildPhase section */
		DBE9D56D299795E700EBED0C /* Resources */ = {
			isa = PBXResourcesBuildPhase;
			buildActionMask = 2147483647;
			files = (
				DBE9D57F299795E800EBED0C /* LaunchScreen.storyboard in Resources */,
				DBE9D58B29979A9800EBED0C /* food1.png in Resources */,
				DBE9D57C299795E800EBED0C /* Assets.xcassets in Resources */,
				DBE9D57A299795E700EBED0C /* Main.storyboard in Resources */,
				DBE9D58E29979A9800EBED0C /* WeatherBG_Moon.png in Resources */,
				DBE9D58D29979A9800EBED0C /* add_icon_green.png in Resources */,
				DBE9D58F29979A9800EBED0C /* food2.png in Resources */,
				DBE9D58C29979A9800EBED0C /* food3.png in Resources */,
			);
			runOnlyForDeploymentPostprocessing = 0;
		};
/* End PBXResourcesBuildPhase section */

/* Begin PBXSourcesBuildPhase section */
		DBE9D56B299795E700EBED0C /* Sources */ = {
			isa = PBXSourcesBuildPhase;
			buildActionMask = 2147483647;
			files = (
				DBE9D5912997A1A400EBED0C /* FloatingButtonViewController.swift in Sources */,
				DBE9D577299795E700EBED0C /* ViewController.swift in Sources */,
				DBE9D573299795E700EBED0C /* AppDelegate.swift in Sources */,
				DBE9D575299795E700EBED0C /* SceneDelegate.swift in Sources */,
			);
			runOnlyForDeploymentPostprocessing = 0;
		};
/* End PBXSourcesBuildPhase section */

/* Begin PBXVariantGroup section */
		DBE9D578299795E700EBED0C /* Main.storyboard */ = {
			isa = PBXVariantGroup;
			children = (
				DBE9D579299795E700EBED0C /* Base */,
			);
			name = Main.storyboard;
			sourceTree = "<group>";
		};
		DBE9D57D299795E800EBED0C /* LaunchScreen.storyboard */ = {
			isa = PBXVariantGroup;
			children = (
				DBE9D57E299795E800EBED0C /* Base */,
			);
			name = LaunchScreen.storyboard;
			sourceTree = "<group>";
		};
/* End PBXVariantGroup section */

/* Begin XCBuildConfiguration section */
		DBE9D581299795E800EBED0C /* Debug */ = {
			isa = XCBuildConfiguration;
			buildSettings = {
				ALWAYS_SEARCH_USER_PATHS = NO;
				CLANG_ANALYZER_NONNULL = YES;
				CLANG_ANALYZER_NUMBER_OBJECT_CONVERSION = YES_AGGRESSIVE;
				CLANG_CXX_LANGUAGE_STANDARD = "gnu++20";
				CLANG_ENABLE_MODULES = YES;
				CLANG_ENABLE_OBJC_ARC = YES;
				CLANG_ENABLE_OBJC_WEAK = YES;
				CLANG_WARN_BLOCK_CAPTURE_AUTORELEASING = YES;
				CLANG_WARN_BOOL_CONVERSION = YES;
				CLANG_WARN_COMMA = YES;
				CLANG_WARN_CONSTANT_CONVERSION = YES;
				CLANG_WARN_DEPRECATED_OBJC_IMPLEMENTATIONS = YES;
				CLANG_WARN_DIRECT_OBJC_ISA_USAGE = YES_ERROR;
				CLANG_WARN_DOCUMENTATION_COMMENTS = YES;
				CLANG_WARN_EMPTY_BODY = YES;
				CLANG_WARN_ENUM_CONVERSION = YES;
				CLANG_WARN_INFINITE_RECURSION = YES;
				CLANG_WARN_INT_CONVERSION = YES;
				CLANG_WARN_NON_LITERAL_NULL_CONVERSION = YES;
				CLANG_WARN_OBJC_IMPLICIT_RETAIN_SELF = YES;
				CLANG_WARN_OBJC_LITERAL_CONVERSION = YES;
				CLANG_WARN_OBJC_ROOT_CLASS = YES_ERROR;
				CLANG_WARN_QUOTED_INCLUDE_IN_FRAMEWORK_HEADER = YES;
				CLANG_WARN_RANGE_LOOP_ANALYSIS = YES;
				CLANG_WARN_STRICT_PROTOTYPES = YES;
				CLANG_WARN_SUSPICIOUS_MOVE = YES;
				CLANG_WARN_UNGUARDED_AVAILABILITY = YES_AGGRESSIVE;
				CLANG_WARN_UNREACHABLE_CODE = YES;
				CLANG_WARN__DUPLICATE_METHOD_MATCH = YES;
				COPY_PHASE_STRIP = NO;
				DEBUG_INFORMATION_FORMAT = dwarf;
				ENABLE_STRICT_OBJC_MSGSEND = YES;
				ENABLE_TESTABILITY = YES;
				GCC_C_LANGUAGE_STANDARD = gnu11;
				GCC_DYNAMIC_NO_PIC = NO;
				GCC_NO_COMMON_BLOCKS = YES;
				GCC_OPTIMIZATION_LEVEL = 0;
				GCC_PREPROCESSOR_DEFINITIONS = (
					"DEBUG=1",
					"$(inherited)",
				);
				GCC_WARN_64_TO_32_BIT_CONVERSION = YES;
				GCC_WARN_ABOUT_RETURN_TYPE = YES_ERROR;
				GCC_WARN_UNDECLARED_SELECTOR = YES;
				GCC_WARN_UNINITIALIZED_AUTOS = YES_AGGRESSIVE;
				GCC_WARN_UNUSED_FUNCTION = YES;
				GCC_WARN_UNUSED_VARIABLE = YES;
				IPHONEOS_DEPLOYMENT_TARGET = 16.2;
				MTL_ENABLE_DEBUG_INFO = INCLUDE_SOURCE;
				MTL_FAST_MATH = YES;
				ONLY_ACTIVE_ARCH = YES;
				SDKROOT = iphoneos;
				SWIFT_ACTIVE_COMPILATION_CONDITIONS = DEBUG;
				SWIFT_OPTIMIZATION_LEVEL = "-Onone";
			};
			name = Debug;
		};
		DBE9D582299795E800EBED0C /* Release */ = {
			isa = XCBuildConfiguration;
			buildSettings = {
				ALWAYS_SEARCH_USER_PATHS = NO;
				CLANG_ANALYZER_NONNULL = YES;
				CLANG_ANALYZER_NUMBER_OBJECT_CONVERSION = YES_AGGRESSIVE;
				CLANG_CXX_LANGUAGE_STANDARD = "gnu++20";
				CLANG_ENABLE_MODULES = YES;
				CLANG_ENABLE_OBJC_ARC = YES;
				CLANG_ENABLE_OBJC_WEAK = YES;
				CLANG_WARN_BLOCK_CAPTURE_AUTORELEASING = YES;
				CLANG_WARN_BOOL_CONVERSION = YES;
				CLANG_WARN_COMMA = YES;
				CLANG_WARN_CONSTANT_CONVERSION = YES;
				CLANG_WARN_DEPRECATED_OBJC_IMPLEMENTATIONS = YES;
				CLANG_WARN_DIRECT_OBJC_ISA_USAGE = YES_ERROR;
				CLANG_WARN_DOCUMENTATION_COMMENTS = YES;
				CLANG_WARN_EMPTY_BODY = YES;
				CLANG_WARN_ENUM_CONVERSION = YES;
				CLANG_WARN_INFINITE_RECURSION = YES;
				CLANG_WARN_INT_CONVERSION = YES;
				CLANG_WARN_NON_LITERAL_NULL_CONVERSION = YES;
				CLANG_WARN_OBJC_IMPLICIT_RETAIN_SELF = YES;
				CLANG_WARN_OBJC_LITERAL_CONVERSION = YES;
				CLANG_WARN_OBJC_ROOT_CLASS = YES_ERROR;
				CLANG_WARN_QUOTED_INCLUDE_IN_FRAMEWORK_HEADER = YES;
				CLANG_WARN_RANGE_LOOP_ANALYSIS = YES;
				CLANG_WARN_STRICT_PROTOTYPES = YES;
				CLANG_WARN_SUSPICIOUS_MOVE = YES;
				CLANG_WARN_UNGUARDED_AVAILABILITY = YES_AGGRESSIVE;
				CLANG_WARN_UNREACHABLE_CODE = YES;
				CLANG_WARN__DUPLICATE_METHOD_MATCH = YES;
				COPY_PHASE_STRIP = NO;
				DEBUG_INFORMATION_FORMAT = "dwarf-with-dsym";
				ENABLE_NS_ASSERTIONS = NO;
				ENABLE_STRICT_OBJC_MSGSEND = YES;
				GCC_C_LANGUAGE_STANDARD = gnu11;
				GCC_NO_COMMON_BLOCKS = YES;
				GCC_WARN_64_TO_32_BIT_CONVERSION = YES;
				GCC_WARN_ABOUT_RETURN_TYPE = YES_ERROR;
				GCC_WARN_UNDECLARED_SELECTOR = YES;
				GCC_WARN_UNINITIALIZED_AUTOS = YES_AGGRESSIVE;
				GCC_WARN_UNUSED_FUNCTION = YES;
				GCC_WARN_UNUSED_VARIABLE = YES;
				IPHONEOS_DEPLOYMENT_TARGET = 16.2;
				MTL_ENABLE_DEBUG_INFO = NO;
				MTL_FAST_MATH = YES;
				SDKROOT = iphoneos;
				SWIFT_COMPILATION_MODE = wholemodule;
				SWIFT_OPTIMIZATION_LEVEL = "-O";
				VALIDATE_PRODUCT = YES;
			};
			name = Release;
		};
		DBE9D584299795E800EBED0C /* Debug */ = {
			isa = XCBuildConfiguration;
			buildSettings = {
				ASSETCATALOG_COMPILER_APPICON_NAME = AppIcon;
				ASSETCATALOG_COMPILER_GLOBAL_ACCENT_COLOR_NAME = AccentColor;
				CODE_SIGN_STYLE = Automatic;
				CURRENT_PROJECT_VERSION = 1;
				DEVELOPMENT_TEAM = V2YNV9QV27;
				GENERATE_INFOPLIST_FILE = YES;
				INFOPLIST_FILE = Floating_Button/Info.plist;
				INFOPLIST_KEY_UIApplicationSupportsIndirectInputEvents = YES;
				INFOPLIST_KEY_UILaunchStoryboardName = LaunchScreen;
				INFOPLIST_KEY_UIMainStoryboardFile = Main;
				INFOPLIST_KEY_UISupportedInterfaceOrientations_iPad = "UIInterfaceOrientationPortrait UIInterfaceOrientationPortraitUpsideDown UIInterfaceOrientationLandscapeLeft UIInterfaceOrientationLandscapeRight";
				INFOPLIST_KEY_UISupportedInterfaceOrientations_iPhone = "UIInterfaceOrientationPortrait UIInterfaceOrientationLandscapeLeft UIInterfaceOrientationLandscapeRight";
				LD_RUNPATH_SEARCH_PATHS = (
					"$(inherited)",
					"@executable_path/Frameworks",
				);
				MARKETING_VERSION = 1.0;
				PRODUCT_BUNDLE_IDENTIFIER = "iosdev.sw.Floating-Button";
				PRODUCT_NAME = "$(TARGET_NAME)";
				SWIFT_EMIT_LOC_STRINGS = YES;
				SWIFT_VERSION = 5.0;
				TARGETED_DEVICE_FAMILY = "1,2";
			};
			name = Debug;
		};
		DBE9D585299795E800EBED0C /* Release */ = {
			isa = XCBuildConfiguration;
			buildSettings = {
				ASSETCATALOG_COMPILER_APPICON_NAME = AppIcon;
				ASSETCATALOG_COMPILER_GLOBAL_ACCENT_COLOR_NAME = AccentColor;
				CODE_SIGN_STYLE = Automatic;
				CURRENT_PROJECT_VERSION = 1;
				DEVELOPMENT_TEAM = V2YNV9QV27;
				GENERATE_INFOPLIST_FILE = YES;
				INFOPLIST_FILE = Floating_Button/Info.plist;
				INFOPLIST_KEY_UIApplicationSupportsIndirectInputEvents = YES;
				INFOPLIST_KEY_UILaunchStoryboardName = LaunchScreen;
				INFOPLIST_KEY_UIMainStoryboardFile = Main;
				INFOPLIST_KEY_UISupportedInterfaceOrientations_iPad = "UIInterfaceOrientationPortrait UIInterfaceOrientationPortraitUpsideDown UIInterfaceOrientationLandscapeLeft UIInterfaceOrientationLandscapeRight";
				INFOPLIST_KEY_UISupportedInterfaceOrientations_iPhone = "UIInterfaceOrientationPortrait UIInterfaceOrientationLandscapeLeft UIInterfaceOrientationLandscapeRight";
				LD_RUNPATH_SEARCH_PATHS = (
					"$(inherited)",
					"@executable_path/Frameworks",
				);
				MARKETING_VERSION = 1.0;
				PRODUCT_BUNDLE_IDENTIFIER = "iosdev.sw.Floating-Button";
				PRODUCT_NAME = "$(TARGET_NAME)";
				SWIFT_EMIT_LOC_STRINGS = YES;
				SWIFT_VERSION = 5.0;
				TARGETED_DEVICE_FAMILY = "1,2";
			};
			name = Release;
		};
/* End XCBuildConfiguration section */

/* Begin XCConfigurationList section */
		DBE9D56A299795E700EBED0C /* Build configuration list for PBXProject "Floating_Button" */ = {
			isa = XCConfigurationList;
			buildConfigurations = (
				DBE9D581299795E800EBED0C /* Debug */,
				DBE9D582299795E800EBED0C /* Release */,
			);
			defaultConfigurationIsVisible = 0;
			defaultConfigurationName = Release;
		};
		DBE9D583299795E800EBED0C /* Build configuration list for PBXNativeTarget "Floating_Button" */ = {
			isa = XCConfigurationList;
			buildConfigurations = (
				DBE9D584299795E800EBED0C /* Debug */,
				DBE9D585299795E800EBED0C /* Release */,
			);
			defaultConfigurationIsVisible = 0;
			defaultConfigurationName = Release;
		};
/* End XCConfigurationList section */
	};
	rootObject = DBE9D567299795E700EBED0C /* Project object */;
}
