// !$*UTF8*$!
{
	archiveVersion = 1;
	classes = {
	};
	objectVersion = 55;
	objects = {

/* Begin PBXBuildFile section */
		DB11F36C27E7648900EBA21C /* WeatherBG_Sun.png in Resources */ = {isa = PBXBuildFile; fileRef = DB11F36B27E7648800EBA21C /* WeatherBG_Sun.png */; };
		DB4A68E127E74BEC00FEE3DF /* AppDelegate.swift in Sources */ = {isa = PBXBuildFile; fileRef = DB4A68E027E74BEC00FEE3DF /* AppDelegate.swift */; };
		DB4A68E327E74BEC00FEE3DF /* SceneDelegate.swift in Sources */ = {isa = PBXBuildFile; fileRef = DB4A68E227E74BEC00FEE3DF /* SceneDelegate.swift */; };
		DB4A68E527E74BEC00FEE3DF /* ViewController.swift in Sources */ = {isa = PBXBuildFile; fileRef = DB4A68E427E74BEC00FEE3DF /* ViewController.swift */; };
		DB4A68E827E74BEC00FEE3DF /* Main.storyboard in Resources */ = {isa = PBXBuildFile; fileRef = DB4A68E627E74BEC00FEE3DF /* Main.storyboard */; };
		DB4A68EA27E74BEF00FEE3DF /* Assets.xcassets in Resources */ = {isa = PBXBuildFile; fileRef = DB4A68E927E74BEF00FEE3DF /* Assets.xcassets */; };
		DB4A68ED27E74BEF00FEE3DF /* LaunchScreen.storyboard in Resources */ = {isa = PBXBuildFile; fileRef = DB4A68EB27E74BEF00FEE3DF /* LaunchScreen.storyboard */; };
/* End PBXBuildFile section */

/* Begin PBXFileReference section */
		DB11F36B27E7648800EBA21C /* WeatherBG_Sun.png */ = {isa = PBXFileReference; lastKnownFileType = image.png; path = WeatherBG_Sun.png; sourceTree = "<group>"; };
		DB4A68DD27E74BEC00FEE3DF /* Basic_Layout.app */ = {isa = PBXFileReference; explicitFileType = wrapper.application; includeInIndex = 0; path = Basic_Layout.app; sourceTree = BUILT_PRODUCTS_DIR; };
		DB4A68E027E74BEC00FEE3DF /* AppDelegate.swift */ = {isa = PBXFileReference; lastKnownFileType = sourcecode.swift; path = AppDelegate.swift; sourceTree = "<group>"; };
		DB4A68E227E74BEC00FEE3DF /* SceneDelegate.swift */ = {isa = PBXFileReference; lastKnownFileType = sourcecode.swift; path = SceneDelegate.swift; sourceTree = "<group>"; };
		DB4A68E427E74BEC00FEE3DF /* ViewController.swift */ = {isa = PBXFileReference; lastKnownFileType = sourcecode.swift; path = ViewController.swift; sourceTree = "<group>"; };
		DB4A68E727E74BEC00FEE3DF /* Base */ = {isa = PBXFileReference; lastKnownFileType = file.storyboard; name = Base; path = Base.lproj/Main.storyboard; sourceTree = "<group>"; };
		DB4A68E927E74BEF00FEE3DF /* Assets.xcassets */ = {isa = PBXFileReference; lastKnownFileType = folder.assetcatalog; path = Assets.xcassets; sourceTree = "<group>"; };
		DB4A68EC27E74BEF00FEE3DF /* Base */ = {isa = PBXFileReference; lastKnownFileType = file.storyboard; name = Base; path = Base.lproj/LaunchScreen.storyboard; sourceTree = "<group>"; };
		DB4A68EE27E74BEF00FEE3DF /* Info.plist */ = {isa = PBXFileReference; lastKnownFileType = text.plist.xml; path = Info.plist; sourceTree = "<group>"; };
/* End PBXFileReference section */

/* Begin PBXFrameworksBuildPhase section */
		DB4A68DA27E74BEC00FEE3DF /* Frameworks */ = {
			isa = PBXFrameworksBuildPhase;
			buildActionMask = 2147483647;
			files = (
			);
			runOnlyForDeploymentPostprocessing = 0;
		};
/* End PBXFrameworksBuildPhase section */

/* Begin PBXGroup section */
		DB4A68D427E74BEC00FEE3DF = {
			isa = PBXGroup;
			children = (
				DB4A68DF27E74BEC00FEE3DF /* Basic_Layout */,
				DB4A68DE27E74BEC00FEE3DF /* Products */,
			);
			sourceTree = "<group>";
		};
		DB4A68DE27E74BEC00FEE3DF /* Products */ = {
			isa = PBXGroup;
			children = (
				DB4A68DD27E74BEC00FEE3DF /* Basic_Layout.app */,
			);
			name = Products;
			sourceTree = "<group>";
		};
		DB4A68DF27E74BEC00FEE3DF /* Basic_Layout */ = {
			isa = PBXGroup;
			children = (
				DB4A68E027E74BEC00FEE3DF /* AppDelegate.swift */,
				DB4A68E227E74BEC00FEE3DF /* SceneDelegate.swift */,
				DB4A68E427E74BEC00FEE3DF /* ViewController.swift */,
				DB4A68E627E74BEC00FEE3DF /* Main.storyboard */,
				DB4A68E927E74BEF00FEE3DF /* Assets.xcassets */,
				DB11F36B27E7648800EBA21C /* WeatherBG_Sun.png */,
				DB4A68EB27E74BEF00FEE3DF /* LaunchScreen.storyboard */,
				DB4A68EE27E74BEF00FEE3DF /* Info.plist */,
			);
			path = Basic_Layout;
			sourceTree = "<group>";
		};
/* End PBXGroup section */

/* Begin PBXNativeTarget section */
		DB4A68DC27E74BEC00FEE3DF /* Basic_Layout */ = {
			isa = PBXNativeTarget;
			buildConfigurationList = DB4A68F127E74BEF00FEE3DF /* Build configuration list for PBXNativeTarget "Basic_Layout" */;
			buildPhases = (
				DB4A68D927E74BEC00FEE3DF /* Sources */,
				DB4A68DA27E74BEC00FEE3DF /* Frameworks */,
				DB4A68DB27E74BEC00FEE3DF /* Resources */,
			);
			buildRules = (
			);
			dependencies = (
			);
			name = Basic_Layout;
			productName = Basic_Layout;
			productReference = DB4A68DD27E74BEC00FEE3DF /* Basic_Layout.app */;
			productType = "com.apple.product-type.application";
		};
/* End PBXNativeTarget section */

/* Begin PBXProject section */
		DB4A68D527E74BEC00FEE3DF /* Project object */ = {
			isa = PBXProject;
			attributes = {
				BuildIndependentTargetsInParallel = 1;
				LastSwiftUpdateCheck = 1320;
				LastUpgradeCheck = 1320;
				TargetAttributes = {
					DB4A68DC27E74BEC00FEE3DF = {
						CreatedOnToolsVersion = 13.2.1;
					};
				};
			};
			buildConfigurationList = DB4A68D827E74BEC00FEE3DF /* Build configuration list for PBXProject "Basic_Layout" */;
			compatibilityVersion = "Xcode 13.0";
			developmentRegion = en;
			hasScannedForEncodings = 0;
			knownRegions = (
				en,
				Base,
			);
			mainGroup = DB4A68D427E74BEC00FEE3DF;
			productRefGroup = DB4A68DE27E74BEC00FEE3DF /* Products */;
			projectDirPath = "";
			projectRoot = "";
			targets = (
				DB4A68DC27E74BEC00FEE3DF /* Basic_Layout */,
			);
		};
/* End PBXProject section */

/* Begin PBXResourcesBuildPhase section */
		DB4A68DB27E74BEC00FEE3DF /* Resources */ = {
			isa = PBXResourcesBuildPhase;
			buildActionMask = 2147483647;
			files = (
				DB4A68ED27E74BEF00FEE3DF /* LaunchScreen.storyboard in Resources */,
				DB4A68EA27E74BEF00FEE3DF /* Assets.xcassets in Resources */,
				DB11F36C27E7648900EBA21C /* WeatherBG_Sun.png in Resources */,
				DB4A68E827E74BEC00FEE3DF /* Main.storyboard in Resources */,
			);
			runOnlyForDeploymentPostprocessing = 0;
		};
/* End PBXResourcesBuildPhase section */

/* Begin PBXSourcesBuildPhase section */
		DB4A68D927E74BEC00FEE3DF /* Sources */ = {
			isa = PBXSourcesBuildPhase;
			buildActionMask = 2147483647;
			files = (
				DB4A68E527E74BEC00FEE3DF /* ViewController.swift in Sources */,
				DB4A68E127E74BEC00FEE3DF /* AppDelegate.swift in Sources */,
				DB4A68E327E74BEC00FEE3DF /* SceneDelegate.swift in Sources */,
			);
			runOnlyForDeploymentPostprocessing = 0;
		};
/* End PBXSourcesBuildPhase section */

/* Begin PBXVariantGroup section */
		DB4A68E627E74BEC00FEE3DF /* Main.storyboard */ = {
			isa = PBXVariantGroup;
			children = (
				DB4A68E727E74BEC00FEE3DF /* Base */,
			);
			name = Main.storyboard;
			sourceTree = "<group>";
		};
		DB4A68EB27E74BEF00FEE3DF /* LaunchScreen.storyboard */ = {
			isa = PBXVariantGroup;
			children = (
				DB4A68EC27E74BEF00FEE3DF /* Base */,
			);
			name = LaunchScreen.storyboard;
			sourceTree = "<group>";
		};
/* End PBXVariantGroup section */

/* Begin XCBuildConfiguration section */
		DB4A68EF27E74BEF00FEE3DF /* Debug */ = {
			isa = XCBuildConfiguration;
			buildSettings = {
				ALWAYS_SEARCH_USER_PATHS = NO;
				CLANG_ANALYZER_NONNULL = YES;
				CLANG_ANALYZER_NUMBER_OBJECT_CONVERSION = YES_AGGRESSIVE;
				CLANG_CXX_LANGUAGE_STANDARD = "gnu++17";
				CLANG_CXX_LIBRARY = "libc++";
				CLANG_ENABLE_MODULES = YES;
				CLANG_ENABLE_OBJC_ARC = YES;
				CLANG_ENABLE_OBJC_WEAK = YES;
				CLANG_WARN_BLOCK_CAPTURE_AUTORELEASING = YES;
				CLANG_WARN_BOOL_CONVERSION = YES;
				CLANG_WARN_COMMA = YES;
				CLANG_WARN_CONSTANT_CONVERSION = YES;
				CLANG_WARN_DEPRECATED_OBJC_IMPLEMENTATIONS = YES;
				CLANG_WARN_DIRECT_OBJC_ISA_USAGE = YES_ERROR;
				CLANG_WARN_DOCUMENTATION_COMMENTS = YES;
				CLANG_WARN_EMPTY_BODY = YES;
				CLANG_WARN_ENUM_CONVERSION = YES;
				CLANG_WARN_INFINITE_RECURSION = YES;
				CLANG_WARN_INT_CONVERSION = YES;
				CLANG_WARN_NON_LITERAL_NULL_CONVERSION = YES;
				CLANG_WARN_OBJC_IMPLICIT_RETAIN_SELF = YES;
				CLANG_WARN_OBJC_LITERAL_CONVERSION = YES;
				CLANG_WARN_OBJC_ROOT_CLASS = YES_ERROR;
				CLANG_WARN_QUOTED_INCLUDE_IN_FRAMEWORK_HEADER = YES;
				CLANG_WARN_RANGE_LOOP_ANALYSIS = YES;
				CLANG_WARN_STRICT_PROTOTYPES = YES;
				CLANG_WARN_SUSPICIOUS_MOVE = YES;
				CLANG_WARN_UNGUARDED_AVAILABILITY = YES_AGGRESSIVE;
				CLANG_WARN_UNREACHABLE_CODE = YES;
				CLANG_WARN__DUPLICATE_METHOD_MATCH = YES;
				COPY_PHASE_STRIP = NO;
				DEBUG_INFORMATION_FORMAT = dwarf;
				ENABLE_STRICT_OBJC_MSGSEND = YES;
				ENABLE_TESTABILITY = YES;
				GCC_C_LANGUAGE_STANDARD = gnu11;
				GCC_DYNAMIC_NO_PIC = NO;
				GCC_NO_COMMON_BLOCKS = YES;
				GCC_OPTIMIZATION_LEVEL = 0;
				GCC_PREPROCESSOR_DEFINITIONS = (
					"DEBUG=1",
					"$(inherited)",
				);
				GCC_WARN_64_TO_32_BIT_CONVERSION = YES;
				GCC_WARN_ABOUT_RETURN_TYPE = YES_ERROR;
				GCC_WARN_UNDECLARED_SELECTOR = YES;
				GCC_WARN_UNINITIALIZED_AUTOS = YES_AGGRESSIVE;
				GCC_WARN_UNUSED_FUNCTION = YES;
				GCC_WARN_UNUSED_VARIABLE = YES;
				IPHONEOS_DEPLOYMENT_TARGET = 15.2;
				MTL_ENABLE_DEBUG_INFO = INCLUDE_SOURCE;
				MTL_FAST_MATH = YES;
				ONLY_ACTIVE_ARCH = YES;
				SDKROOT = iphoneos;
				SWIFT_ACTIVE_COMPILATION_CONDITIONS = DEBUG;
				SWIFT_OPTIMIZATION_LEVEL = "-Onone";
			};
			name = Debug;
		};
		DB4A68F027E74BEF00FEE3DF /* Release */ = {
			isa = XCBuildConfiguration;
			buildSettings = {
				ALWAYS_SEARCH_USER_PATHS = NO;
				CLANG_ANALYZER_NONNULL = YES;
				CLANG_ANALYZER_NUMBER_OBJECT_CONVERSION = YES_AGGRESSIVE;
				CLANG_CXX_LANGUAGE_STANDARD = "gnu++17";
				CLANG_CXX_LIBRARY = "libc++";
				CLANG_ENABLE_MODULES = YES;
				CLANG_ENABLE_OBJC_ARC = YES;
				CLANG_ENABLE_OBJC_WEAK = YES;
				CLANG_WARN_BLOCK_CAPTURE_AUTORELEASING = YES;
				CLANG_WARN_BOOL_CONVERSION = YES;
				CLANG_WARN_COMMA = YES;
				CLANG_WARN_CONSTANT_CONVERSION = YES;
				CLANG_WARN_DEPRECATED_OBJC_IMPLEMENTATIONS = YES;
				CLANG_WARN_DIRECT_OBJC_ISA_USAGE = YES_ERROR;
				CLANG_WARN_DOCUMENTATION_COMMENTS = YES;
				CLANG_WARN_EMPTY_BODY = YES;
				CLANG_WARN_ENUM_CONVERSION = YES;
				CLANG_WARN_INFINITE_RECURSION = YES;
				CLANG_WARN_INT_CONVERSION = YES;
				CLANG_WARN_NON_LITERAL_NULL_CONVERSION = YES;
				CLANG_WARN_OBJC_IMPLICIT_RETAIN_SELF = YES;
				CLANG_WARN_OBJC_LITERAL_CONVERSION = YES;
				CLANG_WARN_OBJC_ROOT_CLASS = YES_ERROR;
				CLANG_WARN_QUOTED_INCLUDE_IN_FRAMEWORK_HEADER = YES;
				CLANG_WARN_RANGE_LOOP_ANALYSIS = YES;
				CLANG_WARN_STRICT_PROTOTYPES = YES;
				CLANG_WARN_SUSPICIOUS_MOVE = YES;
				CLANG_WARN_UNGUARDED_AVAILABILITY = YES_AGGRESSIVE;
				CLANG_WARN_UNREACHABLE_CODE = YES;
				CLANG_WARN__DUPLICATE_METHOD_MATCH = YES;
				COPY_PHASE_STRIP = NO;
				DEBUG_INFORMATION_FORMAT = "dwarf-with-dsym";
				ENABLE_NS_ASSERTIONS = NO;
				ENABLE_STRICT_OBJC_MSGSEND = YES;
				GCC_C_LANGUAGE_STANDARD = gnu11;
				GCC_NO_COMMON_BLOCKS = YES;
				GCC_WARN_64_TO_32_BIT_CONVERSION = YES;
				GCC_WARN_ABOUT_RETURN_TYPE = YES_ERROR;
				GCC_WARN_UNDECLARED_SELECTOR = YES;
				GCC_WARN_UNINITIALIZED_AUTOS = YES_AGGRESSIVE;
				GCC_WARN_UNUSED_FUNCTION = YES;
				GCC_WARN_UNUSED_VARIABLE = YES;
				IPHONEOS_DEPLOYMENT_TARGET = 15.2;
				MTL_ENABLE_DEBUG_INFO = NO;
				MTL_FAST_MATH = YES;
				SDKROOT = iphoneos;
				SWIFT_COMPILATION_MODE = wholemodule;
				SWIFT_OPTIMIZATION_LEVEL = "-O";
				VALIDATE_PRODUCT = YES;
			};
			name = Release;
		};
		DB4A68F227E74BEF00FEE3DF /* Debug */ = {
			isa = XCBuildConfiguration;
			buildSettings = {
				ASSETCATALOG_COMPILER_APPICON_NAME = AppIcon;
				ASSETCATALOG_COMPILER_GLOBAL_ACCENT_COLOR_NAME = AccentColor;
				CODE_SIGN_STYLE = Automatic;
				CURRENT_PROJECT_VERSION = 1;
				DEVELOPMENT_TEAM = V2YNV9QV27;
				GENERATE_INFOPLIST_FILE = YES;
				INFOPLIST_FILE = Basic_Layout/Info.plist;
				INFOPLIST_KEY_UIApplicationSupportsIndirectInputEvents = YES;
				INFOPLIST_KEY_UILaunchStoryboardName = LaunchScreen;
				INFOPLIST_KEY_UIMainStoryboardFile = Main;
				INFOPLIST_KEY_UISupportedInterfaceOrientations_iPad = "UIInterfaceOrientationPortrait UIInterfaceOrientationPortraitUpsideDown UIInterfaceOrientationLandscapeLeft UIInterfaceOrientationLandscapeRight";
				INFOPLIST_KEY_UISupportedInterfaceOrientations_iPhone = "UIInterfaceOrientationPortrait UIInterfaceOrientationLandscapeLeft UIInterfaceOrientationLandscapeRight";
				LD_RUNPATH_SEARCH_PATHS = (
					"$(inherited)",
					"@executable_path/Frameworks",
				);
				MARKETING_VERSION = 1.0;
				PRODUCT_BUNDLE_IDENTIFIER = "ssw522.Basic-Layout";
				PRODUCT_NAME = "$(TARGET_NAME)";
				SWIFT_EMIT_LOC_STRINGS = YES;
				SWIFT_VERSION = 5.0;
				TARGETED_DEVICE_FAMILY = 1;
			};
			name = Debug;
		};
		DB4A68F327E74BEF00FEE3DF /* Release */ = {
			isa = XCBuildConfiguration;
			buildSettings = {
				ASSETCATALOG_COMPILER_APPICON_NAME = AppIcon;
				ASSETCATALOG_COMPILER_GLOBAL_ACCENT_COLOR_NAME = AccentColor;
				CODE_SIGN_STYLE = Automatic;
				CURRENT_PROJECT_VERSION = 1;
				DEVELOPMENT_TEAM = V2YNV9QV27;
				GENERATE_INFOPLIST_FILE = YES;
				INFOPLIST_FILE = Basic_Layout/Info.plist;
				INFOPLIST_KEY_UIApplicationSupportsIndirectInputEvents = YES;
				INFOPLIST_KEY_UILaunchStoryboardName = LaunchScreen;
				INFOPLIST_KEY_UIMainStoryboardFile = Main;
				INFOPLIST_KEY_UISupportedInterfaceOrientations_iPad = "UIInterfaceOrientationPortrait UIInterfaceOrientationPortraitUpsideDown UIInterfaceOrientationLandscapeLeft UIInterfaceOrientationLandscapeRight";
				INFOPLIST_KEY_UISupportedInterfaceOrientations_iPhone = "UIInterfaceOrientationPortrait UIInterfaceOrientationLandscapeLeft UIInterfaceOrientationLandscapeRight";
				LD_RUNPATH_SEARCH_PATHS = (
					"$(inherited)",
					"@executable_path/Frameworks",
				);
				MARKETING_VERSION = 1.0;
				PRODUCT_BUNDLE_IDENTIFIER = "ssw522.Basic-Layout";
				PRODUCT_NAME = "$(TARGET_NAME)";
				SWIFT_EMIT_LOC_STRINGS = YES;
				SWIFT_VERSION = 5.0;
				TARGETED_DEVICE_FAMILY = 1;
			};
			name = Release;
		};
/* End XCBuildConfiguration section */

/* Begin XCConfigurationList section */
		DB4A68D827E74BEC00FEE3DF /* Build configuration list for PBXProject "Basic_Layout" */ = {
			isa = XCConfigurationList;
			buildConfigurations = (
				DB4A68EF27E74BEF00FEE3DF /* Debug */,
				DB4A68F027E74BEF00FEE3DF /* Release */,
			);
			defaultConfigurationIsVisible = 0;
			defaultConfigurationName = Release;
		};
		DB4A68F127E74BEF00FEE3DF /* Build configuration list for PBXNativeTarget "Basic_Layout" */ = {
			isa = XCConfigurationList;
			buildConfigurations = (
				DB4A68F227E74BEF00FEE3DF /* Debug */,
				DB4A68F327E74BEF00FEE3DF /* Release */,
			);
			defaultConfigurationIsVisible = 0;
			defaultConfigurationName = Release;
		};
/* End XCConfigurationList section */
	};
	rootObject = DB4A68D527E74BEC00FEE3DF /* Project object */;
}
